
Microsoft Visual Studio Solution File, Format Version 12.00
# Visual Studio Version 16
VisualStudioVersion = 16.0.29613.14
MinimumVisualStudioVersion = 15.0.26124.0
Project("{9A19103F-16F7-4668-BE54-9A1E7A4F7556}") = "Backend.WebApi", "Backend\Backend.WebApi\Backend.WebApi.csproj", "{295D5836-0A59-4DF8-8D91-CF974D9ACD0B}"
EndProject
Project("{9A19103F-16F7-4668-BE54-9A1E7A4F7556}") = "Backend.BusinessLogic", "Backend\Backend.BusinessLogic\Backend.BusinessLogic.csproj", "{FE90BFDF-CD43-48FA-8F26-758CEB534ABB}"
EndProject
Project("{9A19103F-16F7-4668-BE54-9A1E7A4F7556}") = "Backend.BusinessLogic.Interface", "Backend\Backend.BusinessLogic.Interface\Backend.BusinessLogic.Interface.csproj", "{8CAFE429-50BD-4BBB-AE6B-E4403D24F2B3}"
EndProject
Project("{9A19103F-16F7-4668-BE54-9A1E7A4F7556}") = "Backend.BusinessLogic.Tests", "Backend\Backend.BusinessLogic.Tests\Backend.BusinessLogic.Tests.csproj", "{0C6DD2D7-3BE4-403B-BF42-4A62F4BEA792}"
EndProject
Project("{9A19103F-16F7-4668-BE54-9A1E7A4F7556}") = "Backend.Repository", "Backend\Backend.Repository\Backend.Repository.csproj", "{28641C22-D4D8-4E8F-8E0C-98DD58B93A65}"
EndProject
Project("{9A19103F-16F7-4668-BE54-9A1E7A4F7556}") = "Backend.Repository.Interface", "Backend\Backend.Repository.Interface\Backend.Repository.Interface.csproj", "{9A2117E7-FC3E-49E2-B925-B131C68C7521}"
EndProject
Project("{FAE04EC0-301F-11D3-BF4B-00C04F79EFBC}") = "Backend.Repository.Tests", "Backend\Backend.Repository.Tests\Backend.Repository.Tests.csproj", "{B83E8206-6D90-4BB7-B370-7AEEB43F9694}"
EndProject
Project("{9A19103F-16F7-4668-BE54-9A1E7A4F7556}") = "Backend.Domain", "Backend\Backend.Domain\Backend.Domain.csproj", "{561FFC3C-DFFD-4A1C-B5CD-CF9D371BC1BD}"
EndProject
Project("{FAE04EC0-301F-11D3-BF4B-00C04F79EFBC}") = "Backend.WebApi.Tests", "Backend\Backend.WebApi.Tests\Backend.WebApi.Tests.csproj", "{F6514BC0-D841-46E8-A2B7-C06CCC8C2299}"
EndProject
Project("{FAE04EC0-301F-11D3-BF4B-00C04F79EFBC}") = "IMMRequestDataImport", "IMMRequestDataImport\IMMRequestDataImport.csproj", "{F8DE25C4-0D5A-434D-B07F-6D82014FE9D7}"
EndProject
Project("{2150E333-8FDC-42A3-9474-1A3956D46DE8}") = "Backend", "Backend", "{05400197-E489-40AF-AB9D-0DF48E34FC28}"
EndProject
Project("{FAE04EC0-301F-11D3-BF4B-00C04F79EFBC}") = "JSONImport", "JSONImport\JSONImport.csproj", "{DD252722-46BD-4160-B8C8-03A8A3FA8F1B}"
EndProject
Project("{FAE04EC0-301F-11D3-BF4B-00C04F79EFBC}") = "XMLImport", "XMLImport\XMLImport.csproj", "{554BDA48-6AF3-40BE-A511-70C11E9E5F5C}"
EndProject
Global
	GlobalSection(SolutionConfigurationPlatforms) = preSolution
		Debug|Any CPU = Debug|Any CPU
		Debug|x64 = Debug|x64
		Debug|x86 = Debug|x86
		Release|Any CPU = Release|Any CPU
		Release|x64 = Release|x64
		Release|x86 = Release|x86
	EndGlobalSection
	GlobalSection(ProjectConfigurationPlatforms) = postSolution
		{295D5836-0A59-4DF8-8D91-CF974D9ACD0B}.Debug|Any CPU.ActiveCfg = Debug|Any CPU
		{295D5836-0A59-4DF8-8D91-CF974D9ACD0B}.Debug|Any CPU.Build.0 = Debug|Any CPU
		{295D5836-0A59-4DF8-8D91-CF974D9ACD0B}.Debug|x64.ActiveCfg = Debug|Any CPU
		{295D5836-0A59-4DF8-8D91-CF974D9ACD0B}.Debug|x64.Build.0 = Debug|Any CPU
		{295D5836-0A59-4DF8-8D91-CF974D9ACD0B}.Debug|x86.ActiveCfg = Debug|Any CPU
		{295D5836-0A59-4DF8-8D91-CF974D9ACD0B}.Debug|x86.Build.0 = Debug|Any CPU
		{295D5836-0A59-4DF8-8D91-CF974D9ACD0B}.Release|Any CPU.ActiveCfg = Release|Any CPU
		{295D5836-0A59-4DF8-8D91-CF974D9ACD0B}.Release|Any CPU.Build.0 = Release|Any CPU
		{295D5836-0A59-4DF8-8D91-CF974D9ACD0B}.Release|x64.ActiveCfg = Release|Any CPU
		{295D5836-0A59-4DF8-8D91-CF974D9ACD0B}.Release|x64.Build.0 = Release|Any CPU
		{295D5836-0A59-4DF8-8D91-CF974D9ACD0B}.Release|x86.ActiveCfg = Release|Any CPU
		{295D5836-0A59-4DF8-8D91-CF974D9ACD0B}.Release|x86.Build.0 = Release|Any CPU
		{FE90BFDF-CD43-48FA-8F26-758CEB534ABB}.Debug|Any CPU.ActiveCfg = Debug|Any CPU
		{FE90BFDF-CD43-48FA-8F26-758CEB534ABB}.Debug|Any CPU.Build.0 = Debug|Any CPU
		{FE90BFDF-CD43-48FA-8F26-758CEB534ABB}.Debug|x64.ActiveCfg = Debug|Any CPU
		{FE90BFDF-CD43-48FA-8F26-758CEB534ABB}.Debug|x64.Build.0 = Debug|Any CPU
		{FE90BFDF-CD43-48FA-8F26-758CEB534ABB}.Debug|x86.ActiveCfg = Debug|Any CPU
		{FE90BFDF-CD43-48FA-8F26-758CEB534ABB}.Debug|x86.Build.0 = Debug|Any CPU
		{FE90BFDF-CD43-48FA-8F26-758CEB534ABB}.Release|Any CPU.ActiveCfg = Release|Any CPU
		{FE90BFDF-CD43-48FA-8F26-758CEB534ABB}.Release|Any CPU.Build.0 = Release|Any CPU
		{FE90BFDF-CD43-48FA-8F26-758CEB534ABB}.Release|x64.ActiveCfg = Release|Any CPU
		{FE90BFDF-CD43-48FA-8F26-758CEB534ABB}.Release|x64.Build.0 = Release|Any CPU
		{FE90BFDF-CD43-48FA-8F26-758CEB534ABB}.Release|x86.ActiveCfg = Release|Any CPU
		{FE90BFDF-CD43-48FA-8F26-758CEB534ABB}.Release|x86.Build.0 = Release|Any CPU
		{8CAFE429-50BD-4BBB-AE6B-E4403D24F2B3}.Debug|Any CPU.ActiveCfg = Debug|Any CPU
		{8CAFE429-50BD-4BBB-AE6B-E4403D24F2B3}.Debug|Any CPU.Build.0 = Debug|Any CPU
		{8CAFE429-50BD-4BBB-AE6B-E4403D24F2B3}.Debug|x64.ActiveCfg = Debug|Any CPU
		{8CAFE429-50BD-4BBB-AE6B-E4403D24F2B3}.Debug|x64.Build.0 = Debug|Any CPU
		{8CAFE429-50BD-4BBB-AE6B-E4403D24F2B3}.Debug|x86.ActiveCfg = Debug|Any CPU
		{8CAFE429-50BD-4BBB-AE6B-E4403D24F2B3}.Debug|x86.Build.0 = Debug|Any CPU
		{8CAFE429-50BD-4BBB-AE6B-E4403D24F2B3}.Release|Any CPU.ActiveCfg = Release|Any CPU
		{8CAFE429-50BD-4BBB-AE6B-E4403D24F2B3}.Release|Any CPU.Build.0 = Release|Any CPU
		{8CAFE429-50BD-4BBB-AE6B-E4403D24F2B3}.Release|x64.ActiveCfg = Release|Any CPU
		{8CAFE429-50BD-4BBB-AE6B-E4403D24F2B3}.Release|x64.Build.0 = Release|Any CPU
		{8CAFE429-50BD-4BBB-AE6B-E4403D24F2B3}.Release|x86.ActiveCfg = Release|Any CPU
		{8CAFE429-50BD-4BBB-AE6B-E4403D24F2B3}.Release|x86.Build.0 = Release|Any CPU
		{0C6DD2D7-3BE4-403B-BF42-4A62F4BEA792}.Debug|Any CPU.ActiveCfg = Debug|Any CPU
		{0C6DD2D7-3BE4-403B-BF42-4A62F4BEA792}.Debug|Any CPU.Build.0 = Debug|Any CPU
		{0C6DD2D7-3BE4-403B-BF42-4A62F4BEA792}.Debug|x64.ActiveCfg = Debug|Any CPU
		{0C6DD2D7-3BE4-403B-BF42-4A62F4BEA792}.Debug|x64.Build.0 = Debug|Any CPU
		{0C6DD2D7-3BE4-403B-BF42-4A62F4BEA792}.Debug|x86.ActiveCfg = Debug|Any CPU
		{0C6DD2D7-3BE4-403B-BF42-4A62F4BEA792}.Debug|x86.Build.0 = Debug|Any CPU
		{0C6DD2D7-3BE4-403B-BF42-4A62F4BEA792}.Release|Any CPU.ActiveCfg = Release|Any CPU
		{0C6DD2D7-3BE4-403B-BF42-4A62F4BEA792}.Release|Any CPU.Build.0 = Release|Any CPU
		{0C6DD2D7-3BE4-403B-BF42-4A62F4BEA792}.Release|x64.ActiveCfg = Release|Any CPU
		{0C6DD2D7-3BE4-403B-BF42-4A62F4BEA792}.Release|x64.Build.0 = Release|Any CPU
		{0C6DD2D7-3BE4-403B-BF42-4A62F4BEA792}.Release|x86.ActiveCfg = Release|Any CPU
		{0C6DD2D7-3BE4-403B-BF42-4A62F4BEA792}.Release|x86.Build.0 = Release|Any CPU
		{28641C22-D4D8-4E8F-8E0C-98DD58B93A65}.Debug|Any CPU.ActiveCfg = Debug|Any CPU
		{28641C22-D4D8-4E8F-8E0C-98DD58B93A65}.Debug|Any CPU.Build.0 = Debug|Any CPU
		{28641C22-D4D8-4E8F-8E0C-98DD58B93A65}.Debug|x64.ActiveCfg = Debug|Any CPU
		{28641C22-D4D8-4E8F-8E0C-98DD58B93A65}.Debug|x64.Build.0 = Debug|Any CPU
		{28641C22-D4D8-4E8F-8E0C-98DD58B93A65}.Debug|x86.ActiveCfg = Debug|Any CPU
		{28641C22-D4D8-4E8F-8E0C-98DD58B93A65}.Debug|x86.Build.0 = Debug|Any CPU
		{28641C22-D4D8-4E8F-8E0C-98DD58B93A65}.Release|Any CPU.ActiveCfg = Release|Any CPU
		{28641C22-D4D8-4E8F-8E0C-98DD58B93A65}.Release|Any CPU.Build.0 = Release|Any CPU
		{28641C22-D4D8-4E8F-8E0C-98DD58B93A65}.Release|x64.ActiveCfg = Release|Any CPU
		{28641C22-D4D8-4E8F-8E0C-98DD58B93A65}.Release|x64.Build.0 = Release|Any CPU
		{28641C22-D4D8-4E8F-8E0C-98DD58B93A65}.Release|x86.ActiveCfg = Release|Any CPU
		{28641C22-D4D8-4E8F-8E0C-98DD58B93A65}.Release|x86.Build.0 = Release|Any CPU
		{9A2117E7-FC3E-49E2-B925-B131C68C7521}.Debug|Any CPU.ActiveCfg = Debug|Any CPU
		{9A2117E7-FC3E-49E2-B925-B131C68C7521}.Debug|Any CPU.Build.0 = Debug|Any CPU
		{9A2117E7-FC3E-49E2-B925-B131C68C7521}.Debug|x64.ActiveCfg = Debug|Any CPU
		{9A2117E7-FC3E-49E2-B925-B131C68C7521}.Debug|x64.Build.0 = Debug|Any CPU
		{9A2117E7-FC3E-49E2-B925-B131C68C7521}.Debug|x86.ActiveCfg = Debug|Any CPU
		{9A2117E7-FC3E-49E2-B925-B131C68C7521}.Debug|x86.Build.0 = Debug|Any CPU
		{9A2117E7-FC3E-49E2-B925-B131C68C7521}.Release|Any CPU.ActiveCfg = Release|Any CPU
		{9A2117E7-FC3E-49E2-B925-B131C68C7521}.Release|Any CPU.Build.0 = Release|Any CPU
		{9A2117E7-FC3E-49E2-B925-B131C68C7521}.Release|x64.ActiveCfg = Release|Any CPU
		{9A2117E7-FC3E-49E2-B925-B131C68C7521}.Release|x64.Build.0 = Release|Any CPU
		{9A2117E7-FC3E-49E2-B925-B131C68C7521}.Release|x86.ActiveCfg = Release|Any CPU
		{9A2117E7-FC3E-49E2-B925-B131C68C7521}.Release|x86.Build.0 = Release|Any CPU
		{CC086D1D-05D3-4406-9AE9-748110C1F58D}.Debug|Any CPU.ActiveCfg = Debug|Any CPU
		{CC086D1D-05D3-4406-9AE9-748110C1F58D}.Debug|Any CPU.Build.0 = Debug|Any CPU
		{CC086D1D-05D3-4406-9AE9-748110C1F58D}.Debug|x64.ActiveCfg = Debug|Any CPU
		{CC086D1D-05D3-4406-9AE9-748110C1F58D}.Debug|x64.Build.0 = Debug|Any CPU
		{CC086D1D-05D3-4406-9AE9-748110C1F58D}.Debug|x86.ActiveCfg = Debug|Any CPU
		{CC086D1D-05D3-4406-9AE9-748110C1F58D}.Debug|x86.Build.0 = Debug|Any CPU
		{CC086D1D-05D3-4406-9AE9-748110C1F58D}.Release|Any CPU.ActiveCfg = Release|Any CPU
		{CC086D1D-05D3-4406-9AE9-748110C1F58D}.Release|Any CPU.Build.0 = Release|Any CPU
		{CC086D1D-05D3-4406-9AE9-748110C1F58D}.Release|x64.ActiveCfg = Release|Any CPU
		{CC086D1D-05D3-4406-9AE9-748110C1F58D}.Release|x64.Build.0 = Release|Any CPU
		{CC086D1D-05D3-4406-9AE9-748110C1F58D}.Release|x86.ActiveCfg = Release|Any CPU
		{CC086D1D-05D3-4406-9AE9-748110C1F58D}.Release|x86.Build.0 = Release|Any CPU
		{561FFC3C-DFFD-4A1C-B5CD-CF9D371BC1BD}.Debug|Any CPU.ActiveCfg = Debug|Any CPU
		{561FFC3C-DFFD-4A1C-B5CD-CF9D371BC1BD}.Debug|Any CPU.Build.0 = Debug|Any CPU
		{561FFC3C-DFFD-4A1C-B5CD-CF9D371BC1BD}.Debug|x64.ActiveCfg = Debug|Any CPU
		{561FFC3C-DFFD-4A1C-B5CD-CF9D371BC1BD}.Debug|x64.Build.0 = Debug|Any CPU
		{561FFC3C-DFFD-4A1C-B5CD-CF9D371BC1BD}.Debug|x86.ActiveCfg = Debug|Any CPU
		{561FFC3C-DFFD-4A1C-B5CD-CF9D371BC1BD}.Debug|x86.Build.0 = Debug|Any CPU
		{561FFC3C-DFFD-4A1C-B5CD-CF9D371BC1BD}.Release|Any CPU.ActiveCfg = Release|Any CPU
		{561FFC3C-DFFD-4A1C-B5CD-CF9D371BC1BD}.Release|Any CPU.Build.0 = Release|Any CPU
		{561FFC3C-DFFD-4A1C-B5CD-CF9D371BC1BD}.Release|x64.ActiveCfg = Release|Any CPU
		{561FFC3C-DFFD-4A1C-B5CD-CF9D371BC1BD}.Release|x64.Build.0 = Release|Any CPU
		{561FFC3C-DFFD-4A1C-B5CD-CF9D371BC1BD}.Release|x86.ActiveCfg = Release|Any CPU
		{561FFC3C-DFFD-4A1C-B5CD-CF9D371BC1BD}.Release|x86.Build.0 = Release|Any CPU
		{C4D3BFE2-5DB5-4CEF-9D23-79E4FC8549D4}.Debug|Any CPU.ActiveCfg = Debug|Any CPU
		{C4D3BFE2-5DB5-4CEF-9D23-79E4FC8549D4}.Debug|Any CPU.Build.0 = Debug|Any CPU
		{C4D3BFE2-5DB5-4CEF-9D23-79E4FC8549D4}.Debug|x64.ActiveCfg = Debug|Any CPU
		{C4D3BFE2-5DB5-4CEF-9D23-79E4FC8549D4}.Debug|x64.Build.0 = Debug|Any CPU
		{C4D3BFE2-5DB5-4CEF-9D23-79E4FC8549D4}.Debug|x86.ActiveCfg = Debug|Any CPU
		{C4D3BFE2-5DB5-4CEF-9D23-79E4FC8549D4}.Debug|x86.Build.0 = Debug|Any CPU
		{C4D3BFE2-5DB5-4CEF-9D23-79E4FC8549D4}.Release|Any CPU.ActiveCfg = Release|Any CPU
		{C4D3BFE2-5DB5-4CEF-9D23-79E4FC8549D4}.Release|Any CPU.Build.0 = Release|Any CPU
		{C4D3BFE2-5DB5-4CEF-9D23-79E4FC8549D4}.Release|x64.ActiveCfg = Release|Any CPU
		{C4D3BFE2-5DB5-4CEF-9D23-79E4FC8549D4}.Release|x64.Build.0 = Release|Any CPU
		{C4D3BFE2-5DB5-4CEF-9D23-79E4FC8549D4}.Release|x86.ActiveCfg = Release|Any CPU
		{C4D3BFE2-5DB5-4CEF-9D23-79E4FC8549D4}.Release|x86.Build.0 = Release|Any CPU
		{F6514BC0-D841-46E8-A2B7-C06CCC8C2299}.Debug|Any CPU.ActiveCfg = Debug|Any CPU
		{F6514BC0-D841-46E8-A2B7-C06CCC8C2299}.Debug|Any CPU.Build.0 = Debug|Any CPU
		{F6514BC0-D841-46E8-A2B7-C06CCC8C2299}.Debug|x64.ActiveCfg = Debug|Any CPU
		{F6514BC0-D841-46E8-A2B7-C06CCC8C2299}.Debug|x64.Build.0 = Debug|Any CPU
		{F6514BC0-D841-46E8-A2B7-C06CCC8C2299}.Debug|x86.ActiveCfg = Debug|Any CPU
		{F6514BC0-D841-46E8-A2B7-C06CCC8C2299}.Debug|x86.Build.0 = Debug|Any CPU
		{F6514BC0-D841-46E8-A2B7-C06CCC8C2299}.Release|Any CPU.ActiveCfg = Release|Any CPU
		{F6514BC0-D841-46E8-A2B7-C06CCC8C2299}.Release|Any CPU.Build.0 = Release|Any CPU
		{F6514BC0-D841-46E8-A2B7-C06CCC8C2299}.Release|x64.ActiveCfg = Release|Any CPU
		{F6514BC0-D841-46E8-A2B7-C06CCC8C2299}.Release|x64.Build.0 = Release|Any CPU
		{F6514BC0-D841-46E8-A2B7-C06CCC8C2299}.Release|x86.ActiveCfg = Release|Any CPU
		{F6514BC0-D841-46E8-A2B7-C06CCC8C2299}.Release|x86.Build.0 = Release|Any CPU
		{B83E8206-6D90-4BB7-B370-7AEEB43F9694}.Debug|Any CPU.ActiveCfg = Debug|Any CPU
		{B83E8206-6D90-4BB7-B370-7AEEB43F9694}.Debug|Any CPU.Build.0 = Debug|Any CPU
		{B83E8206-6D90-4BB7-B370-7AEEB43F9694}.Debug|x64.ActiveCfg = Debug|Any CPU
		{B83E8206-6D90-4BB7-B370-7AEEB43F9694}.Debug|x64.Build.0 = Debug|Any CPU
		{B83E8206-6D90-4BB7-B370-7AEEB43F9694}.Debug|x86.ActiveCfg = Debug|Any CPU
		{B83E8206-6D90-4BB7-B370-7AEEB43F9694}.Debug|x86.Build.0 = Debug|Any CPU
		{B83E8206-6D90-4BB7-B370-7AEEB43F9694}.Release|Any CPU.ActiveCfg = Release|Any CPU
		{B83E8206-6D90-4BB7-B370-7AEEB43F9694}.Release|Any CPU.Build.0 = Release|Any CPU
		{B83E8206-6D90-4BB7-B370-7AEEB43F9694}.Release|x64.ActiveCfg = Release|Any CPU
		{B83E8206-6D90-4BB7-B370-7AEEB43F9694}.Release|x64.Build.0 = Release|Any CPU
		{B83E8206-6D90-4BB7-B370-7AEEB43F9694}.Release|x86.ActiveCfg = Release|Any CPU
		{B83E8206-6D90-4BB7-B370-7AEEB43F9694}.Release|x86.Build.0 = Release|Any CPU
		{F3425F99-A2B0-4C99-8ED4-A7D49E2BF499}.Debug|Any CPU.ActiveCfg = Debug|Any CPU
		{F3425F99-A2B0-4C99-8ED4-A7D49E2BF499}.Debug|Any CPU.Build.0 = Debug|Any CPU
		{F3425F99-A2B0-4C99-8ED4-A7D49E2BF499}.Debug|x64.ActiveCfg = Debug|Any CPU
		{F3425F99-A2B0-4C99-8ED4-A7D49E2BF499}.Debug|x64.Build.0 = Debug|Any CPU
		{F3425F99-A2B0-4C99-8ED4-A7D49E2BF499}.Debug|x86.ActiveCfg = Debug|Any CPU
		{F3425F99-A2B0-4C99-8ED4-A7D49E2BF499}.Debug|x86.Build.0 = Debug|Any CPU
		{F3425F99-A2B0-4C99-8ED4-A7D49E2BF499}.Release|Any CPU.ActiveCfg = Release|Any CPU
		{F3425F99-A2B0-4C99-8ED4-A7D49E2BF499}.Release|Any CPU.Build.0 = Release|Any CPU
		{F3425F99-A2B0-4C99-8ED4-A7D49E2BF499}.Release|x64.ActiveCfg = Release|Any CPU
		{F3425F99-A2B0-4C99-8ED4-A7D49E2BF499}.Release|x64.Build.0 = Release|Any CPU
		{F3425F99-A2B0-4C99-8ED4-A7D49E2BF499}.Release|x86.ActiveCfg = Release|Any CPU
		{F3425F99-A2B0-4C99-8ED4-A7D49E2BF499}.Release|x86.Build.0 = Release|Any CPU
		{F8DE25C4-0D5A-434D-B07F-6D82014FE9D7}.Debug|Any CPU.ActiveCfg = Debug|Any CPU
		{F8DE25C4-0D5A-434D-B07F-6D82014FE9D7}.Debug|Any CPU.Build.0 = Debug|Any CPU
		{F8DE25C4-0D5A-434D-B07F-6D82014FE9D7}.Debug|x64.ActiveCfg = Debug|Any CPU
		{F8DE25C4-0D5A-434D-B07F-6D82014FE9D7}.Debug|x64.Build.0 = Debug|Any CPU
		{F8DE25C4-0D5A-434D-B07F-6D82014FE9D7}.Debug|x86.ActiveCfg = Debug|Any CPU
		{F8DE25C4-0D5A-434D-B07F-6D82014FE9D7}.Debug|x86.Build.0 = Debug|Any CPU
		{F8DE25C4-0D5A-434D-B07F-6D82014FE9D7}.Release|Any CPU.ActiveCfg = Release|Any CPU
		{F8DE25C4-0D5A-434D-B07F-6D82014FE9D7}.Release|Any CPU.Build.0 = Release|Any CPU
		{F8DE25C4-0D5A-434D-B07F-6D82014FE9D7}.Release|x64.ActiveCfg = Release|Any CPU
		{F8DE25C4-0D5A-434D-B07F-6D82014FE9D7}.Release|x64.Build.0 = Release|Any CPU
		{F8DE25C4-0D5A-434D-B07F-6D82014FE9D7}.Release|x86.ActiveCfg = Release|Any CPU
		{F8DE25C4-0D5A-434D-B07F-6D82014FE9D7}.Release|x86.Build.0 = Release|Any CPU
		{DD252722-46BD-4160-B8C8-03A8A3FA8F1B}.Debug|Any CPU.ActiveCfg = Debug|Any CPU
		{DD252722-46BD-4160-B8C8-03A8A3FA8F1B}.Debug|Any CPU.Build.0 = Debug|Any CPU
		{DD252722-46BD-4160-B8C8-03A8A3FA8F1B}.Debug|x64.ActiveCfg = Debug|Any CPU
		{DD252722-46BD-4160-B8C8-03A8A3FA8F1B}.Debug|x64.Build.0 = Debug|Any CPU
		{DD252722-46BD-4160-B8C8-03A8A3FA8F1B}.Debug|x86.ActiveCfg = Debug|Any CPU
		{DD252722-46BD-4160-B8C8-03A8A3FA8F1B}.Debug|x86.Build.0 = Debug|Any CPU
		{DD252722-46BD-4160-B8C8-03A8A3FA8F1B}.Release|Any CPU.ActiveCfg = Release|Any CPU
		{DD252722-46BD-4160-B8C8-03A8A3FA8F1B}.Release|Any CPU.Build.0 = Release|Any CPU
		{DD252722-46BD-4160-B8C8-03A8A3FA8F1B}.Release|x64.ActiveCfg = Release|Any CPU
		{DD252722-46BD-4160-B8C8-03A8A3FA8F1B}.Release|x64.Build.0 = Release|Any CPU
		{DD252722-46BD-4160-B8C8-03A8A3FA8F1B}.Release|x86.ActiveCfg = Release|Any CPU
		{DD252722-46BD-4160-B8C8-03A8A3FA8F1B}.Release|x86.Build.0 = Release|Any CPU
		{554BDA48-6AF3-40BE-A511-70C11E9E5F5C}.Debug|Any CPU.ActiveCfg = Debug|Any CPU
		{554BDA48-6AF3-40BE-A511-70C11E9E5F5C}.Debug|Any CPU.Build.0 = Debug|Any CPU
		{554BDA48-6AF3-40BE-A511-70C11E9E5F5C}.Debug|x64.ActiveCfg = Debug|Any CPU
		{554BDA48-6AF3-40BE-A511-70C11E9E5F5C}.Debug|x64.Build.0 = Debug|Any CPU
		{554BDA48-6AF3-40BE-A511-70C11E9E5F5C}.Debug|x86.ActiveCfg = Debug|Any CPU
		{554BDA48-6AF3-40BE-A511-70C11E9E5F5C}.Debug|x86.Build.0 = Debug|Any CPU
		{554BDA48-6AF3-40BE-A511-70C11E9E5F5C}.Release|Any CPU.ActiveCfg = Release|Any CPU
		{554BDA48-6AF3-40BE-A511-70C11E9E5F5C}.Release|Any CPU.Build.0 = Release|Any CPU
		{554BDA48-6AF3-40BE-A511-70C11E9E5F5C}.Release|x64.ActiveCfg = Release|Any CPU
		{554BDA48-6AF3-40BE-A511-70C11E9E5F5C}.Release|x64.Build.0 = Release|Any CPU
		{554BDA48-6AF3-40BE-A511-70C11E9E5F5C}.Release|x86.ActiveCfg = Release|Any CPU
		{554BDA48-6AF3-40BE-A511-70C11E9E5F5C}.Release|x86.Build.0 = Release|Any CPU
	EndGlobalSection
	GlobalSection(SolutionProperties) = preSolution
		HideSolutionNode = FALSE
	EndGlobalSection
	GlobalSection(ExtensibilityGlobals) = postSolution
		SolutionGuid = {FFECA895-1DAB-4C14-A91F-5D95256235E5}
	EndGlobalSection
	GlobalSection(NestedProjects) = preSolution
	EndGlobalSection
EndGlobal
